
Microsoft Visual Studio Solution File, Format Version 12.00
# Visual Studio Version 17
VisualStudioVersion = 17.14.36623.8
MinimumVisualStudioVersion = 10.0.40219.1
Project("{2150E333-8FDC-42A3-9474-1A3956D46DE8}") = "Task0", "Task0", "{02EA681E-C7D8-13C7-8484-4AC65E1B71E8}"
EndProject
Project("{2150E333-8FDC-42A3-9474-1A3956D46DE8}") = "Task1", "Task1", "{DB81C0D0-5FC0-42BA-9414-0E6CB5366D68}"
EndProject
Project("{2150E333-8FDC-42A3-9474-1A3956D46DE8}") = "Task2", "Task2", "{E0D648BB-C610-4536-9FF2-01141DC93CE2}"
EndProject
Project("{FAE04EC0-301F-11D3-BF4B-00C04F79EFBC}") = "Tyuiu.ShevchenokSE.Sprint6.Task0.V29.Lib", "Tyuiu.ShevchenokSE.Sprint6.Task0.V29.Lib\Tyuiu.ShevchenokSE.Sprint6.Task0.V29.Lib.csproj", "{73FA1C16-96D1-47D1-A57C-7162BADD7BEC}"
EndProject
Project("{FAE04EC0-301F-11D3-BF4B-00C04F79EFBC}") = "Tyuiu.ShevchenokSE.Sprint6.Task0.V29.Test", "Tyuiu.ShevchenokSE.Sprint6.Task0.V29.Test\Tyuiu.ShevchenokSE.Sprint6.Task0.V29.Test.csproj", "{E2C0E682-7E6A-4360-BA76-C0F994175A47}"
EndProject
Project("{FAE04EC0-301F-11D3-BF4B-00C04F79EFBC}") = "Tyuiu.ShevchenokSE.Sprint6.Task0.V29", "Tyuiu.ShevchenokSE.Sprint6.Task0.V29\Tyuiu.ShevchenokSE.Sprint6.Task0.V29.csproj", "{44FE23A6-079C-4C94-92F7-D24BFC1A33BD}"
EndProject
Project("{FAE04EC0-301F-11D3-BF4B-00C04F79EFBC}") = "Tyuiu.ShevchenokSE.Sprint6.Task1.V21.Lib", "Tyuiu.ShevchenokSE.Sprint6.Task1.V21.Lib\Tyuiu.ShevchenokSE.Sprint6.Task1.V21.Lib.csproj", "{48F6131F-E5A8-468B-8A0E-EFA0222C1BC6}"
EndProject
Project("{FAE04EC0-301F-11D3-BF4B-00C04F79EFBC}") = "Tyuiu.ShevchenokSE.Sprint6.Task1.V21.Test", "Tyuiu.ShevchenokSE.Sprint6.Task1.V21.Test\Tyuiu.ShevchenokSE.Sprint6.Task1.V21.Test.csproj", "{207397DB-C8BA-49C6-A853-0764147E6132}"
EndProject
Project("{FAE04EC0-301F-11D3-BF4B-00C04F79EFBC}") = "Tyuiu.ShevchenokSE.Sprint6.Task1.V21", "Tyuiu.ShevchenokSE.Sprint6.Task1.V21\Tyuiu.ShevchenokSE.Sprint6.Task1.V21.csproj", "{41DACB81-7E3D-467E-8CE6-02C1048F90E6}"
EndProject
Project("{2150E333-8FDC-42A3-9474-1A3956D46DE8}") = "Task3", "Task3", "{51DF4E86-9589-40C9-8553-25940D6BE5E0}"
EndProject
Project("{FAE04EC0-301F-11D3-BF4B-00C04F79EFBC}") = "Tyuiu.ShevchenokSE.Sprint6.Task3.V12.Test", "Tyuiu.ShevchenokSE.Sprint6.Task3.V12.Test\Tyuiu.ShevchenokSE.Sprint6.Task3.V12.Test.csproj", "{8B52FC37-0A93-41F6-A33D-9442A791F66C}"
EndProject
Project("{FAE04EC0-301F-11D3-BF4B-00C04F79EFBC}") = "Tyuiu.ShevchenokSE.Sprint6.Task3.V12.Lib", "Tyuiu.ShevchenokSE.Sprint6.Task3.V12.Lib\Tyuiu.ShevchenokSE.Sprint6.Task3.V12.Lib.csproj", "{357FD785-2282-445C-9C0E-B1F42DDE11E1}"
EndProject
Project("{FAE04EC0-301F-11D3-BF4B-00C04F79EFBC}") = "Tyuiu.ShevchenokSE.Sprint6.Task2.V6.Lib", "Tyuiu.ShevchenokSE.Sprint6.Task2.V6.Lib\Tyuiu.ShevchenokSE.Sprint6.Task2.V6.Lib.csproj", "{BD852E67-5EEE-4CA4-AEC3-6132003ABADA}"
EndProject
Project("{FAE04EC0-301F-11D3-BF4B-00C04F79EFBC}") = "Tyuiu.ShevchenokSE.Sprint6.Task2.V6.Test", "Tyuiu.ShevchenokSE.Sprint6.Task2.V6.Test\Tyuiu.ShevchenokSE.Sprint6.Task2.V6.Test.csproj", "{27883D36-DF03-4F13-84B0-C06A968BB738}"
EndProject
Project("{2150E333-8FDC-42A3-9474-1A3956D46DE8}") = "Task5", "Task5", "{DE1D9646-98C4-4344-963B-B9B3E0E3CA08}"
EndProject
Project("{2150E333-8FDC-42A3-9474-1A3956D46DE8}") = "Task4", "Task4", "{6D7385DC-8CE4-44EF-9A0C-648119E0CC9A}"
EndProject
Project("{FAE04EC0-301F-11D3-BF4B-00C04F79EFBC}") = "Tyuiu.ShevchenokSE.Sprint6.Task4.V21.Lib", "Tyuiu.ShevchenokSE.Sprint6.Task4.V21.Lib\Tyuiu.ShevchenokSE.Sprint6.Task4.V21.Lib.csproj", "{84A38DE7-D947-442F-8949-0F65779E67D1}"
EndProject
Project("{FAE04EC0-301F-11D3-BF4B-00C04F79EFBC}") = "Tyuiu.ShevchenokSE.Sprint6.Task4.V21.Test", "Tyuiu.ShevchenokSE.Sprint6.Task4.V21.Test\Tyuiu.ShevchenokSE.Sprint6.Task4.V21.Test.csproj", "{39421E22-CBEE-45A0-B3E3-792ADDD63E76}"
EndProject
Project("{FAE04EC0-301F-11D3-BF4B-00C04F79EFBC}") = "Tyuiu.ShevchenokSE.Sprint6.Task4.V21", "Tyuiu.ShevchenokSE.Sprint6.Task4.V21\Tyuiu.ShevchenokSE.Sprint6.Task4.V21.csproj", "{9AED697F-482E-4A69-A3BE-9724972C7E3D}"
EndProject
Project("{FAE04EC0-301F-11D3-BF4B-00C04F79EFBC}") = "Tyuiu.ShevchenokSE.Sprint6.Task5.V15.Lib", "Tyuiu.ShevchenokSE.Sprint6.Task5.V15.Lib\Tyuiu.ShevchenokSE.Sprint6.Task5.V15.Lib.csproj", "{45B65247-AE63-4CD6-AC13-AE4BB17CE9EC}"
EndProject
Project("{FAE04EC0-301F-11D3-BF4B-00C04F79EFBC}") = "Tyuiu.ShevchenokSE.Sprint6.Task5.V15.Test", "Tyuiu.ShevchenokSE.Sprint6.Task5.V15.Test\Tyuiu.ShevchenokSE.Sprint6.Task5.V15.Test.csproj", "{D6D00563-3980-4714-992E-4E343CCFFEAA}"
EndProject
Project("{FAE04EC0-301F-11D3-BF4B-00C04F79EFBC}") = "Tyuiu.ShevchenokSE.Sprint6.Task5.V15", "Tyuiu.ShevchenokSE.Sprint6.Task5.V15\Tyuiu.ShevchenokSE.Sprint6.Task5.V15.csproj", "{6167EB29-B1E7-4211-BDE8-A97E1FD3E5D5}"
EndProject
Project("{FAE04EC0-301F-11D3-BF4B-00C04F79EFBC}") = "Tyuiu.ShevchenokSE.Sprint6.Task2.V6", "Tyuiu.ShevchenokSE.Sprint6.Task2.V6\Tyuiu.ShevchenokSE.Sprint6.Task2.V6.csproj", "{316C8496-2912-405C-88B6-1EED381C73ED}"
EndProject
Project("{FAE04EC0-301F-11D3-BF4B-00C04F79EFBC}") = "Tyuiu.ShevchenokSE.Sprint6.Task3.V12", "Tyuiu.ShevchenokSE.Sprint6.Task3.V12\Tyuiu.ShevchenokSE.Sprint6.Task3.V12.csproj", "{4E955E82-DB70-5F5C-6FA5-C28267D9F783}"
EndProject
Project("{2150E333-8FDC-42A3-9474-1A3956D46DE8}") = "Task6", "Task6", "{5E0A6942-87C4-4A39-879F-0BB473E7AB13}"
EndProject
Project("{FAE04EC0-301F-11D3-BF4B-00C04F79EFBC}") = "Tyuiu.ShevchenokSE.Sprint6.Task6.V18.Lib", "Tyuiu.ShevchenokSE.Sprint6.Task6.V18.Lib\Tyuiu.ShevchenokSE.Sprint6.Task6.V18.Lib.csproj", "{9973A981-6D6B-407B-AB15-E474AC1A821A}"
EndProject
Project("{FAE04EC0-301F-11D3-BF4B-00C04F79EFBC}") = "Tyuiu.ShevchenokSE.Sprint6.Task6.V18.Test", "Tyuiu.ShevchenokSE.Sprint6.Task6.V18.Test\Tyuiu.ShevchenokSE.Sprint6.Task6.V18.Test.csproj", "{C52B6063-2679-42B9-BA08-09446484A466}"
EndProject
Project("{FAE04EC0-301F-11D3-BF4B-00C04F79EFBC}") = "Tyuiu.ShevchenokSE.Sprint6.Task6.V18", "Tyuiu.ShevchenokSE.Sprint6.Task6.V18\Tyuiu.ShevchenokSE.Sprint6.Task6.V18.csproj", "{E54F47A1-DFAB-4BC1-9B66-F075106C23E6}"
EndProject
Project("{2150E333-8FDC-42A3-9474-1A3956D46DE8}") = "Task7", "Task7", "{48B7E4F7-57F2-42E9-B6F6-63A04137AF60}"
EndProject
Project("{FAE04EC0-301F-11D3-BF4B-00C04F79EFBC}") = "Tyuiu.ShevchenokSE.Sprint6.Task7.V29.Lib", "Tyuiu.ShevchenokSE.Sprint6.Task7.V29.Lib\Tyuiu.ShevchenokSE.Sprint6.Task7.V29.Lib.csproj", "{3F110978-DC14-4EC0-8F2A-3A62046DBC09}"
EndProject
Project("{FAE04EC0-301F-11D3-BF4B-00C04F79EFBC}") = "Tyuiu.ShevchenokSE.Sprint6.Task7.V29.Test", "Tyuiu.ShevchenokSE.Sprint6.Task7.V29.Test\Tyuiu.ShevchenokSE.Sprint6.Task7.V29.Test.csproj", "{8217DF36-CD77-46B6-B999-CF88C6D58F11}"
EndProject
Project("{FAE04EC0-301F-11D3-BF4B-00C04F79EFBC}") = "Tyuiu.ShevchenokSE.Sprint6.Task7.V29", "Tyuiu.ShevchenokSE.Sprint6.Task7.V29\Tyuiu.ShevchenokSE.Sprint6.Task7.V29.csproj", "{E44A66EB-BD57-4E1A-9C5E-94F5C3123C23}"
EndProject
Global
	GlobalSection(SolutionConfigurationPlatforms) = preSolution
		Debug|Any CPU = Debug|Any CPU
		Release|Any CPU = Release|Any CPU
	EndGlobalSection
	GlobalSection(ProjectConfigurationPlatforms) = postSolution
		{73FA1C16-96D1-47D1-A57C-7162BADD7BEC}.Debug|Any CPU.ActiveCfg = Debug|Any CPU
		{73FA1C16-96D1-47D1-A57C-7162BADD7BEC}.Debug|Any CPU.Build.0 = Debug|Any CPU
		{73FA1C16-96D1-47D1-A57C-7162BADD7BEC}.Release|Any CPU.ActiveCfg = Release|Any CPU
		{73FA1C16-96D1-47D1-A57C-7162BADD7BEC}.Release|Any CPU.Build.0 = Release|Any CPU
		{E2C0E682-7E6A-4360-BA76-C0F994175A47}.Debug|Any CPU.ActiveCfg = Debug|Any CPU
		{E2C0E682-7E6A-4360-BA76-C0F994175A47}.Debug|Any CPU.Build.0 = Debug|Any CPU
		{E2C0E682-7E6A-4360-BA76-C0F994175A47}.Release|Any CPU.ActiveCfg = Release|Any CPU
		{E2C0E682-7E6A-4360-BA76-C0F994175A47}.Release|Any CPU.Build.0 = Release|Any CPU
		{44FE23A6-079C-4C94-92F7-D24BFC1A33BD}.Debug|Any CPU.ActiveCfg = Debug|Any CPU
		{44FE23A6-079C-4C94-92F7-D24BFC1A33BD}.Debug|Any CPU.Build.0 = Debug|Any CPU
		{44FE23A6-079C-4C94-92F7-D24BFC1A33BD}.Release|Any CPU.ActiveCfg = Release|Any CPU
		{44FE23A6-079C-4C94-92F7-D24BFC1A33BD}.Release|Any CPU.Build.0 = Release|Any CPU
		{48F6131F-E5A8-468B-8A0E-EFA0222C1BC6}.Debug|Any CPU.ActiveCfg = Debug|Any CPU
		{48F6131F-E5A8-468B-8A0E-EFA0222C1BC6}.Debug|Any CPU.Build.0 = Debug|Any CPU
		{48F6131F-E5A8-468B-8A0E-EFA0222C1BC6}.Release|Any CPU.ActiveCfg = Release|Any CPU
		{48F6131F-E5A8-468B-8A0E-EFA0222C1BC6}.Release|Any CPU.Build.0 = Release|Any CPU
		{207397DB-C8BA-49C6-A853-0764147E6132}.Debug|Any CPU.ActiveCfg = Debug|Any CPU
		{207397DB-C8BA-49C6-A853-0764147E6132}.Debug|Any CPU.Build.0 = Debug|Any CPU
		{207397DB-C8BA-49C6-A853-0764147E6132}.Release|Any CPU.ActiveCfg = Release|Any CPU
		{207397DB-C8BA-49C6-A853-0764147E6132}.Release|Any CPU.Build.0 = Release|Any CPU
		{41DACB81-7E3D-467E-8CE6-02C1048F90E6}.Debug|Any CPU.ActiveCfg = Debug|Any CPU
		{41DACB81-7E3D-467E-8CE6-02C1048F90E6}.Debug|Any CPU.Build.0 = Debug|Any CPU
		{41DACB81-7E3D-467E-8CE6-02C1048F90E6}.Release|Any CPU.ActiveCfg = Release|Any CPU
		{41DACB81-7E3D-467E-8CE6-02C1048F90E6}.Release|Any CPU.Build.0 = Release|Any CPU
		{8B52FC37-0A93-41F6-A33D-9442A791F66C}.Debug|Any CPU.ActiveCfg = Debug|Any CPU
		{8B52FC37-0A93-41F6-A33D-9442A791F66C}.Debug|Any CPU.Build.0 = Debug|Any CPU
		{8B52FC37-0A93-41F6-A33D-9442A791F66C}.Release|Any CPU.ActiveCfg = Release|Any CPU
		{8B52FC37-0A93-41F6-A33D-9442A791F66C}.Release|Any CPU.Build.0 = Release|Any CPU
		{357FD785-2282-445C-9C0E-B1F42DDE11E1}.Debug|Any CPU.ActiveCfg = Debug|Any CPU
		{357FD785-2282-445C-9C0E-B1F42DDE11E1}.Debug|Any CPU.Build.0 = Debug|Any CPU
		{357FD785-2282-445C-9C0E-B1F42DDE11E1}.Release|Any CPU.ActiveCfg = Release|Any CPU
		{357FD785-2282-445C-9C0E-B1F42DDE11E1}.Release|Any CPU.Build.0 = Release|Any CPU
		{BD852E67-5EEE-4CA4-AEC3-6132003ABADA}.Debug|Any CPU.ActiveCfg = Debug|Any CPU
		{BD852E67-5EEE-4CA4-AEC3-6132003ABADA}.Debug|Any CPU.Build.0 = Debug|Any CPU
		{BD852E67-5EEE-4CA4-AEC3-6132003ABADA}.Release|Any CPU.ActiveCfg = Release|Any CPU
		{BD852E67-5EEE-4CA4-AEC3-6132003ABADA}.Release|Any CPU.Build.0 = Release|Any CPU
		{27883D36-DF03-4F13-84B0-C06A968BB738}.Debug|Any CPU.ActiveCfg = Debug|Any CPU
		{27883D36-DF03-4F13-84B0-C06A968BB738}.Debug|Any CPU.Build.0 = Debug|Any CPU
		{27883D36-DF03-4F13-84B0-C06A968BB738}.Release|Any CPU.ActiveCfg = Release|Any CPU
		{27883D36-DF03-4F13-84B0-C06A968BB738}.Release|Any CPU.Build.0 = Release|Any CPU
		{84A38DE7-D947-442F-8949-0F65779E67D1}.Debug|Any CPU.ActiveCfg = Debug|Any CPU
		{84A38DE7-D947-442F-8949-0F65779E67D1}.Debug|Any CPU.Build.0 = Debug|Any CPU
		{84A38DE7-D947-442F-8949-0F65779E67D1}.Release|Any CPU.ActiveCfg = Release|Any CPU
		{84A38DE7-D947-442F-8949-0F65779E67D1}.Release|Any CPU.Build.0 = Release|Any CPU
		{39421E22-CBEE-45A0-B3E3-792ADDD63E76}.Debug|Any CPU.ActiveCfg = Debug|Any CPU
		{39421E22-CBEE-45A0-B3E3-792ADDD63E76}.Debug|Any CPU.Build.0 = Debug|Any CPU
		{39421E22-CBEE-45A0-B3E3-792ADDD63E76}.Release|Any CPU.ActiveCfg = Release|Any CPU
		{39421E22-CBEE-45A0-B3E3-792ADDD63E76}.Release|Any CPU.Build.0 = Release|Any CPU
		{9AED697F-482E-4A69-A3BE-9724972C7E3D}.Debug|Any CPU.ActiveCfg = Debug|Any CPU
		{9AED697F-482E-4A69-A3BE-9724972C7E3D}.Debug|Any CPU.Build.0 = Debug|Any CPU
		{9AED697F-482E-4A69-A3BE-9724972C7E3D}.Release|Any CPU.ActiveCfg = Release|Any CPU
		{9AED697F-482E-4A69-A3BE-9724972C7E3D}.Release|Any CPU.Build.0 = Release|Any CPU
		{45B65247-AE63-4CD6-AC13-AE4BB17CE9EC}.Debug|Any CPU.ActiveCfg = Debug|Any CPU
		{45B65247-AE63-4CD6-AC13-AE4BB17CE9EC}.Debug|Any CPU.Build.0 = Debug|Any CPU
		{45B65247-AE63-4CD6-AC13-AE4BB17CE9EC}.Release|Any CPU.ActiveCfg = Release|Any CPU
		{45B65247-AE63-4CD6-AC13-AE4BB17CE9EC}.Release|Any CPU.Build.0 = Release|Any CPU
		{D6D00563-3980-4714-992E-4E343CCFFEAA}.Debug|Any CPU.ActiveCfg = Debug|Any CPU
		{D6D00563-3980-4714-992E-4E343CCFFEAA}.Debug|Any CPU.Build.0 = Debug|Any CPU
		{D6D00563-3980-4714-992E-4E343CCFFEAA}.Release|Any CPU.ActiveCfg = Release|Any CPU
		{D6D00563-3980-4714-992E-4E343CCFFEAA}.Release|Any CPU.Build.0 = Release|Any CPU
		{6167EB29-B1E7-4211-BDE8-A97E1FD3E5D5}.Debug|Any CPU.ActiveCfg = Debug|Any CPU
		{6167EB29-B1E7-4211-BDE8-A97E1FD3E5D5}.Debug|Any CPU.Build.0 = Debug|Any CPU
		{6167EB29-B1E7-4211-BDE8-A97E1FD3E5D5}.Release|Any CPU.ActiveCfg = Release|Any CPU
		{6167EB29-B1E7-4211-BDE8-A97E1FD3E5D5}.Release|Any CPU.Build.0 = Release|Any CPU
		{316C8496-2912-405C-88B6-1EED381C73ED}.Debug|Any CPU.ActiveCfg = Debug|Any CPU
		{316C8496-2912-405C-88B6-1EED381C73ED}.Debug|Any CPU.Build.0 = Debug|Any CPU
		{316C8496-2912-405C-88B6-1EED381C73ED}.Release|Any CPU.ActiveCfg = Release|Any CPU
		{316C8496-2912-405C-88B6-1EED381C73ED}.Release|Any CPU.Build.0 = Release|Any CPU
		{4E955E82-DB70-5F5C-6FA5-C28267D9F783}.Debug|Any CPU.ActiveCfg = Debug|Any CPU
		{4E955E82-DB70-5F5C-6FA5-C28267D9F783}.Debug|Any CPU.Build.0 = Debug|Any CPU
		{4E955E82-DB70-5F5C-6FA5-C28267D9F783}.Release|Any CPU.ActiveCfg = Release|Any CPU
		{4E955E82-DB70-5F5C-6FA5-C28267D9F783}.Release|Any CPU.Build.0 = Release|Any CPU
		{9973A981-6D6B-407B-AB15-E474AC1A821A}.Debug|Any CPU.ActiveCfg = Debug|Any CPU
		{9973A981-6D6B-407B-AB15-E474AC1A821A}.Debug|Any CPU.Build.0 = Debug|Any CPU
		{9973A981-6D6B-407B-AB15-E474AC1A821A}.Release|Any CPU.ActiveCfg = Release|Any CPU
		{9973A981-6D6B-407B-AB15-E474AC1A821A}.Release|Any CPU.Build.0 = Release|Any CPU
		{C52B6063-2679-42B9-BA08-09446484A466}.Debug|Any CPU.ActiveCfg = Debug|Any CPU
		{C52B6063-2679-42B9-BA08-09446484A466}.Debug|Any CPU.Build.0 = Debug|Any CPU
		{C52B6063-2679-42B9-BA08-09446484A466}.Release|Any CPU.ActiveCfg = Release|Any CPU
		{C52B6063-2679-42B9-BA08-09446484A466}.Release|Any CPU.Build.0 = Release|Any CPU
		{E54F47A1-DFAB-4BC1-9B66-F075106C23E6}.Debug|Any CPU.ActiveCfg = Debug|Any CPU
		{E54F47A1-DFAB-4BC1-9B66-F075106C23E6}.Debug|Any CPU.Build.0 = Debug|Any CPU
		{E54F47A1-DFAB-4BC1-9B66-F075106C23E6}.Release|Any CPU.ActiveCfg = Release|Any CPU
		{E54F47A1-DFAB-4BC1-9B66-F075106C23E6}.Release|Any CPU.Build.0 = Release|Any CPU
		{3F110978-DC14-4EC0-8F2A-3A62046DBC09}.Debug|Any CPU.ActiveCfg = Debug|Any CPU
		{3F110978-DC14-4EC0-8F2A-3A62046DBC09}.Debug|Any CPU.Build.0 = Debug|Any CPU
		{3F110978-DC14-4EC0-8F2A-3A62046DBC09}.Release|Any CPU.ActiveCfg = Release|Any CPU
		{3F110978-DC14-4EC0-8F2A-3A62046DBC09}.Release|Any CPU.Build.0 = Release|Any CPU
		{8217DF36-CD77-46B6-B999-CF88C6D58F11}.Debug|Any CPU.ActiveCfg = Debug|Any CPU
		{8217DF36-CD77-46B6-B999-CF88C6D58F11}.Debug|Any CPU.Build.0 = Debug|Any CPU
		{8217DF36-CD77-46B6-B999-CF88C6D58F11}.Release|Any CPU.ActiveCfg = Release|Any CPU
		{8217DF36-CD77-46B6-B999-CF88C6D58F11}.Release|Any CPU.Build.0 = Release|Any CPU
		{E44A66EB-BD57-4E1A-9C5E-94F5C3123C23}.Debug|Any CPU.ActiveCfg = Debug|Any CPU
		{E44A66EB-BD57-4E1A-9C5E-94F5C3123C23}.Debug|Any CPU.Build.0 = Debug|Any CPU
		{E44A66EB-BD57-4E1A-9C5E-94F5C3123C23}.Release|Any CPU.ActiveCfg = Release|Any CPU
		{E44A66EB-BD57-4E1A-9C5E-94F5C3123C23}.Release|Any CPU.Build.0 = Release|Any CPU
	EndGlobalSection
	GlobalSection(SolutionProperties) = preSolution
		HideSolutionNode = FALSE
	EndGlobalSection
	GlobalSection(NestedProjects) = preSolution
		{73FA1C16-96D1-47D1-A57C-7162BADD7BEC} = {02EA681E-C7D8-13C7-8484-4AC65E1B71E8}
		{E2C0E682-7E6A-4360-BA76-C0F994175A47} = {02EA681E-C7D8-13C7-8484-4AC65E1B71E8}
		{44FE23A6-079C-4C94-92F7-D24BFC1A33BD} = {02EA681E-C7D8-13C7-8484-4AC65E1B71E8}
		{48F6131F-E5A8-468B-8A0E-EFA0222C1BC6} = {DB81C0D0-5FC0-42BA-9414-0E6CB5366D68}
		{207397DB-C8BA-49C6-A853-0764147E6132} = {DB81C0D0-5FC0-42BA-9414-0E6CB5366D68}
		{41DACB81-7E3D-467E-8CE6-02C1048F90E6} = {DB81C0D0-5FC0-42BA-9414-0E6CB5366D68}
		{8B52FC37-0A93-41F6-A33D-9442A791F66C} = {51DF4E86-9589-40C9-8553-25940D6BE5E0}
		{357FD785-2282-445C-9C0E-B1F42DDE11E1} = {51DF4E86-9589-40C9-8553-25940D6BE5E0}
		{BD852E67-5EEE-4CA4-AEC3-6132003ABADA} = {E0D648BB-C610-4536-9FF2-01141DC93CE2}
		{27883D36-DF03-4F13-84B0-C06A968BB738} = {E0D648BB-C610-4536-9FF2-01141DC93CE2}
		{84A38DE7-D947-442F-8949-0F65779E67D1} = {6D7385DC-8CE4-44EF-9A0C-648119E0CC9A}
		{39421E22-CBEE-45A0-B3E3-792ADDD63E76} = {6D7385DC-8CE4-44EF-9A0C-648119E0CC9A}
		{9AED697F-482E-4A69-A3BE-9724972C7E3D} = {6D7385DC-8CE4-44EF-9A0C-648119E0CC9A}
		{45B65247-AE63-4CD6-AC13-AE4BB17CE9EC} = {DE1D9646-98C4-4344-963B-B9B3E0E3CA08}
		{D6D00563-3980-4714-992E-4E343CCFFEAA} = {DE1D9646-98C4-4344-963B-B9B3E0E3CA08}
		{6167EB29-B1E7-4211-BDE8-A97E1FD3E5D5} = {DE1D9646-98C4-4344-963B-B9B3E0E3CA08}
		{316C8496-2912-405C-88B6-1EED381C73ED} = {E0D648BB-C610-4536-9FF2-01141DC93CE2}
		{4E955E82-DB70-5F5C-6FA5-C28267D9F783} = {51DF4E86-9589-40C9-8553-25940D6BE5E0}
		{9973A981-6D6B-407B-AB15-E474AC1A821A} = {5E0A6942-87C4-4A39-879F-0BB473E7AB13}
		{C52B6063-2679-42B9-BA08-09446484A466} = {5E0A6942-87C4-4A39-879F-0BB473E7AB13}
		{E54F47A1-DFAB-4BC1-9B66-F075106C23E6} = {5E0A6942-87C4-4A39-879F-0BB473E7AB13}
		{3F110978-DC14-4EC0-8F2A-3A62046DBC09} = {48B7E4F7-57F2-42E9-B6F6-63A04137AF60}
		{8217DF36-CD77-46B6-B999-CF88C6D58F11} = {48B7E4F7-57F2-42E9-B6F6-63A04137AF60}
		{E44A66EB-BD57-4E1A-9C5E-94F5C3123C23} = {48B7E4F7-57F2-42E9-B6F6-63A04137AF60}
	EndGlobalSection
	GlobalSection(ExtensibilityGlobals) = postSolution
		SolutionGuid = {009106E8-70C7-4F24-A57A-8490316BC791}
	EndGlobalSection
EndGlobal
