
Microsoft Visual Studio Solution File, Format Version 12.00
# Visual Studio Version 17
VisualStudioVersion = 17.14.36623.8
MinimumVisualStudioVersion = 10.0.40219.1
Project("{2150E333-8FDC-42A3-9474-1A3956D46DE8}") = "Task0", "Task0", "{02EA681E-C7D8-13C7-8484-4AC65E1B71E8}"
EndProject
Project("{2150E333-8FDC-42A3-9474-1A3956D46DE8}") = "Task1", "Task1", "{DB81C0D0-5FC0-42BA-9414-0E6CB5366D68}"
EndProject
Project("{2150E333-8FDC-42A3-9474-1A3956D46DE8}") = "Task2", "Task2", "{E0D648BB-C610-4536-9FF2-01141DC93CE2}"
EndProject
Project("{FAE04EC0-301F-11D3-BF4B-00C04F79EFBC}") = "Tyuiu.ShevchenokSE.Sprint6.Task0.V29.Lib", "Tyuiu.ShevchenokSE.Sprint6.Task0.V29.Lib\Tyuiu.ShevchenokSE.Sprint6.Task0.V29.Lib.csproj", "{73FA1C16-96D1-47D1-A57C-7162BADD7BEC}"
EndProject
Project("{FAE04EC0-301F-11D3-BF4B-00C04F79EFBC}") = "Tyuiu.ShevchenokSE.Sprint6.Task0.V29.Test", "Tyuiu.ShevchenokSE.Sprint6.Task0.V29.Test\Tyuiu.ShevchenokSE.Sprint6.Task0.V29.Test.csproj", "{E2C0E682-7E6A-4360-BA76-C0F994175A47}"
EndProject
Project("{FAE04EC0-301F-11D3-BF4B-00C04F79EFBC}") = "Tyuiu.ShevchenokSE.Sprint6.Task0.V29", "Tyuiu.ShevchenokSE.Sprint6.Task0.V29\Tyuiu.ShevchenokSE.Sprint6.Task0.V29.csproj", "{44FE23A6-079C-4C94-92F7-D24BFC1A33BD}"
EndProject
Project("{FAE04EC0-301F-11D3-BF4B-00C04F79EFBC}") = "Tyuiu.ShevchenokSE.Sprint6.Task1.V21.Lib", "Tyuiu.ShevchenokSE.Sprint6.Task1.V21.Lib\Tyuiu.ShevchenokSE.Sprint6.Task1.V21.Lib.csproj", "{48F6131F-E5A8-468B-8A0E-EFA0222C1BC6}"
EndProject
Project("{FAE04EC0-301F-11D3-BF4B-00C04F79EFBC}") = "Tyuiu.ShevchenokSE.Sprint6.Task1.V21.Test", "Tyuiu.ShevchenokSE.Sprint6.Task1.V21.Test\Tyuiu.ShevchenokSE.Sprint6.Task1.V21.Test.csproj", "{207397DB-C8BA-49C6-A853-0764147E6132}"
EndProject
Project("{FAE04EC0-301F-11D3-BF4B-00C04F79EFBC}") = "Tyuiu.ShevchenokSE.Sprint6.Task1.V21", "Tyuiu.ShevchenokSE.Sprint6.Task1.V21\Tyuiu.ShevchenokSE.Sprint6.Task1.V21.csproj", "{41DACB81-7E3D-467E-8CE6-02C1048F90E6}"
EndProject
Project("{2150E333-8FDC-42A3-9474-1A3956D46DE8}") = "Task3", "Task3", "{51DF4E86-9589-40C9-8553-25940D6BE5E0}"
EndProject
Project("{FAE04EC0-301F-11D3-BF4B-00C04F79EFBC}") = "Tyuiu.ShevchenokSE.Sprint6.Task3.V12.Test", "Tyuiu.ShevchenokSE.Sprint6.Task3.V12.Test\Tyuiu.ShevchenokSE.Sprint6.Task3.V12.Test.csproj", "{8B52FC37-0A93-41F6-A33D-9442A791F66C}"
EndProject
Project("{FAE04EC0-301F-11D3-BF4B-00C04F79EFBC}") = "Tyuiu.ShevchenokSE.Sprint6.Task3.V12.Lib", "Tyuiu.ShevchenokSE.Sprint6.Task3.V12.Lib\Tyuiu.ShevchenokSE.Sprint6.Task3.V12.Lib.csproj", "{357FD785-2282-445C-9C0E-B1F42DDE11E1}"
EndProject
Project("{FAE04EC0-301F-11D3-BF4B-00C04F79EFBC}") = "Tyuiu.ShevchenokSE.Sprint6.Task3.V12", "Tyuiu.ShevchenokSE.Sprint6.Task3.V12\Tyuiu.ShevchenokSE.Sprint6.Task3.V12.csproj", "{01A28EE3-21E3-4C7D-9AC7-405E4C4BBB32}"
EndProject
Project("{FAE04EC0-301F-11D3-BF4B-00C04F79EFBC}") = "Tyuiu.ShevchenokSE.Sprint6.Task2.V6.Lib", "Tyuiu.ShevchenokSE.Sprint6.Task2.V6.Lib\Tyuiu.ShevchenokSE.Sprint6.Task2.V6.Lib.csproj", "{BD852E67-5EEE-4CA4-AEC3-6132003ABADA}"
EndProject
Project("{FAE04EC0-301F-11D3-BF4B-00C04F79EFBC}") = "Tyuiu.ShevchenokSE.Sprint6.Task2.V6.Test", "Tyuiu.ShevchenokSE.Sprint6.Task2.V6.Test\Tyuiu.ShevchenokSE.Sprint6.Task2.V6.Test.csproj", "{27883D36-DF03-4F13-84B0-C06A968BB738}"
EndProject
Project("{FAE04EC0-301F-11D3-BF4B-00C04F79EFBC}") = "Tyuiu.ShevchenokSE.Sprint6.Task2.V6", "Tyuiu.ShevchenokSE.Sprint6.Task2.V6\Tyuiu.ShevchenokSE.Sprint6.Task2.V6.csproj", "{C247F8EC-A407-439D-B200-3DC16F953E4B}"
EndProject
Global
	GlobalSection(SolutionConfigurationPlatforms) = preSolution
		Debug|Any CPU = Debug|Any CPU
		Release|Any CPU = Release|Any CPU
	EndGlobalSection
	GlobalSection(ProjectConfigurationPlatforms) = postSolution
		{73FA1C16-96D1-47D1-A57C-7162BADD7BEC}.Debug|Any CPU.ActiveCfg = Debug|Any CPU
		{73FA1C16-96D1-47D1-A57C-7162BADD7BEC}.Debug|Any CPU.Build.0 = Debug|Any CPU
		{73FA1C16-96D1-47D1-A57C-7162BADD7BEC}.Release|Any CPU.ActiveCfg = Release|Any CPU
		{73FA1C16-96D1-47D1-A57C-7162BADD7BEC}.Release|Any CPU.Build.0 = Release|Any CPU
		{E2C0E682-7E6A-4360-BA76-C0F994175A47}.Debug|Any CPU.ActiveCfg = Debug|Any CPU
		{E2C0E682-7E6A-4360-BA76-C0F994175A47}.Debug|Any CPU.Build.0 = Debug|Any CPU
		{E2C0E682-7E6A-4360-BA76-C0F994175A47}.Release|Any CPU.ActiveCfg = Release|Any CPU
		{E2C0E682-7E6A-4360-BA76-C0F994175A47}.Release|Any CPU.Build.0 = Release|Any CPU
		{44FE23A6-079C-4C94-92F7-D24BFC1A33BD}.Debug|Any CPU.ActiveCfg = Debug|Any CPU
		{44FE23A6-079C-4C94-92F7-D24BFC1A33BD}.Debug|Any CPU.Build.0 = Debug|Any CPU
		{44FE23A6-079C-4C94-92F7-D24BFC1A33BD}.Release|Any CPU.ActiveCfg = Release|Any CPU
		{44FE23A6-079C-4C94-92F7-D24BFC1A33BD}.Release|Any CPU.Build.0 = Release|Any CPU
		{48F6131F-E5A8-468B-8A0E-EFA0222C1BC6}.Debug|Any CPU.ActiveCfg = Debug|Any CPU
		{48F6131F-E5A8-468B-8A0E-EFA0222C1BC6}.Debug|Any CPU.Build.0 = Debug|Any CPU
		{48F6131F-E5A8-468B-8A0E-EFA0222C1BC6}.Release|Any CPU.ActiveCfg = Release|Any CPU
		{48F6131F-E5A8-468B-8A0E-EFA0222C1BC6}.Release|Any CPU.Build.0 = Release|Any CPU
		{207397DB-C8BA-49C6-A853-0764147E6132}.Debug|Any CPU.ActiveCfg = Debug|Any CPU
		{207397DB-C8BA-49C6-A853-0764147E6132}.Debug|Any CPU.Build.0 = Debug|Any CPU
		{207397DB-C8BA-49C6-A853-0764147E6132}.Release|Any CPU.ActiveCfg = Release|Any CPU
		{207397DB-C8BA-49C6-A853-0764147E6132}.Release|Any CPU.Build.0 = Release|Any CPU
		{41DACB81-7E3D-467E-8CE6-02C1048F90E6}.Debug|Any CPU.ActiveCfg = Debug|Any CPU
		{41DACB81-7E3D-467E-8CE6-02C1048F90E6}.Debug|Any CPU.Build.0 = Debug|Any CPU
		{41DACB81-7E3D-467E-8CE6-02C1048F90E6}.Release|Any CPU.ActiveCfg = Release|Any CPU
		{41DACB81-7E3D-467E-8CE6-02C1048F90E6}.Release|Any CPU.Build.0 = Release|Any CPU
		{8B52FC37-0A93-41F6-A33D-9442A791F66C}.Debug|Any CPU.ActiveCfg = Debug|Any CPU
		{8B52FC37-0A93-41F6-A33D-9442A791F66C}.Debug|Any CPU.Build.0 = Debug|Any CPU
		{8B52FC37-0A93-41F6-A33D-9442A791F66C}.Release|Any CPU.ActiveCfg = Release|Any CPU
		{8B52FC37-0A93-41F6-A33D-9442A791F66C}.Release|Any CPU.Build.0 = Release|Any CPU
		{357FD785-2282-445C-9C0E-B1F42DDE11E1}.Debug|Any CPU.ActiveCfg = Debug|Any CPU
		{357FD785-2282-445C-9C0E-B1F42DDE11E1}.Debug|Any CPU.Build.0 = Debug|Any CPU
		{357FD785-2282-445C-9C0E-B1F42DDE11E1}.Release|Any CPU.ActiveCfg = Release|Any CPU
		{357FD785-2282-445C-9C0E-B1F42DDE11E1}.Release|Any CPU.Build.0 = Release|Any CPU
		{01A28EE3-21E3-4C7D-9AC7-405E4C4BBB32}.Debug|Any CPU.ActiveCfg = Debug|Any CPU
		{01A28EE3-21E3-4C7D-9AC7-405E4C4BBB32}.Debug|Any CPU.Build.0 = Debug|Any CPU
		{01A28EE3-21E3-4C7D-9AC7-405E4C4BBB32}.Release|Any CPU.ActiveCfg = Release|Any CPU
		{01A28EE3-21E3-4C7D-9AC7-405E4C4BBB32}.Release|Any CPU.Build.0 = Release|Any CPU
		{BD852E67-5EEE-4CA4-AEC3-6132003ABADA}.Debug|Any CPU.ActiveCfg = Debug|Any CPU
		{BD852E67-5EEE-4CA4-AEC3-6132003ABADA}.Debug|Any CPU.Build.0 = Debug|Any CPU
		{BD852E67-5EEE-4CA4-AEC3-6132003ABADA}.Release|Any CPU.ActiveCfg = Release|Any CPU
		{BD852E67-5EEE-4CA4-AEC3-6132003ABADA}.Release|Any CPU.Build.0 = Release|Any CPU
		{27883D36-DF03-4F13-84B0-C06A968BB738}.Debug|Any CPU.ActiveCfg = Debug|Any CPU
		{27883D36-DF03-4F13-84B0-C06A968BB738}.Debug|Any CPU.Build.0 = Debug|Any CPU
		{27883D36-DF03-4F13-84B0-C06A968BB738}.Release|Any CPU.ActiveCfg = Release|Any CPU
		{27883D36-DF03-4F13-84B0-C06A968BB738}.Release|Any CPU.Build.0 = Release|Any CPU
		{C247F8EC-A407-439D-B200-3DC16F953E4B}.Debug|Any CPU.ActiveCfg = Debug|Any CPU
		{C247F8EC-A407-439D-B200-3DC16F953E4B}.Debug|Any CPU.Build.0 = Debug|Any CPU
		{C247F8EC-A407-439D-B200-3DC16F953E4B}.Release|Any CPU.ActiveCfg = Release|Any CPU
		{C247F8EC-A407-439D-B200-3DC16F953E4B}.Release|Any CPU.Build.0 = Release|Any CPU
	EndGlobalSection
	GlobalSection(SolutionProperties) = preSolution
		HideSolutionNode = FALSE
	EndGlobalSection
	GlobalSection(NestedProjects) = preSolution
		{73FA1C16-96D1-47D1-A57C-7162BADD7BEC} = {02EA681E-C7D8-13C7-8484-4AC65E1B71E8}
		{E2C0E682-7E6A-4360-BA76-C0F994175A47} = {02EA681E-C7D8-13C7-8484-4AC65E1B71E8}
		{44FE23A6-079C-4C94-92F7-D24BFC1A33BD} = {02EA681E-C7D8-13C7-8484-4AC65E1B71E8}
		{48F6131F-E5A8-468B-8A0E-EFA0222C1BC6} = {DB81C0D0-5FC0-42BA-9414-0E6CB5366D68}
		{207397DB-C8BA-49C6-A853-0764147E6132} = {DB81C0D0-5FC0-42BA-9414-0E6CB5366D68}
		{41DACB81-7E3D-467E-8CE6-02C1048F90E6} = {DB81C0D0-5FC0-42BA-9414-0E6CB5366D68}
		{8B52FC37-0A93-41F6-A33D-9442A791F66C} = {51DF4E86-9589-40C9-8553-25940D6BE5E0}
		{357FD785-2282-445C-9C0E-B1F42DDE11E1} = {51DF4E86-9589-40C9-8553-25940D6BE5E0}
		{01A28EE3-21E3-4C7D-9AC7-405E4C4BBB32} = {51DF4E86-9589-40C9-8553-25940D6BE5E0}
		{BD852E67-5EEE-4CA4-AEC3-6132003ABADA} = {E0D648BB-C610-4536-9FF2-01141DC93CE2}
		{27883D36-DF03-4F13-84B0-C06A968BB738} = {E0D648BB-C610-4536-9FF2-01141DC93CE2}
		{C247F8EC-A407-439D-B200-3DC16F953E4B} = {E0D648BB-C610-4536-9FF2-01141DC93CE2}
	EndGlobalSection
	GlobalSection(ExtensibilityGlobals) = postSolution
		SolutionGuid = {009106E8-70C7-4F24-A57A-8490316BC791}
	EndGlobalSection
EndGlobal
